
Microsoft Visual Studio Solution File, Format Version 12.00
# Visual Studio Version 16
VisualStudioVersion = 16.0.29613.14
MinimumVisualStudioVersion = 10.0.40219.1
Project("{8BC9CEB8-8B4A-11D0-8D11-00A0C91BC942}") = "Student Roster", "Student Roster\Student Roster.vcxproj", "{899075EF-6655-4E43-85D3-31427AC916A1}"
EndProject
Global
	GlobalSection(SolutionConfigurationPlatforms) = preSolution
		Debug|x64 = Debug|x64
		Debug|x86 = Debug|x86
		Release|x64 = Release|x64
		Release|x86 = Release|x86
	EndGlobalSection
	GlobalSection(ProjectConfigurationPlatforms) = postSolution
		{899075EF-6655-4E43-85D3-31427AC916A1}.Debug|x64.ActiveCfg = Debug|x64
		{899075EF-6655-4E43-85D3-31427AC916A1}.Debug|x64.Build.0 = Debug|x64
		{899075EF-6655-4E43-85D3-31427AC916A1}.Debug|x86.ActiveCfg = Debug|Win32
		{899075EF-6655-4E43-85D3-31427AC916A1}.Debug|x86.Build.0 = Debug|Win32
		{899075EF-6655-4E43-85D3-31427AC916A1}.Release|x64.ActiveCfg = Release|x64
		{899075EF-6655-4E43-85D3-31427AC916A1}.Release|x64.Build.0 = Release|x64
		{899075EF-6655-4E43-85D3-31427AC916A1}.Release|x86.ActiveCfg = Release|Win32
		{899075EF-6655-4E43-85D3-31427AC916A1}.Release|x86.Build.0 = Release|Win32
	EndGlobalSection
	GlobalSection(SolutionProperties) = preSolution
		HideSolutionNode = FALSE
	EndGlobalSection
	GlobalSection(ExtensibilityGlobals) = postSolution
		SolutionGuid = {D9A80E4D-8B80-44AB-A12C-F532C0163E08}
	EndGlobalSection
EndGlobal
